
Microsoft Visual Studio Solution File, Format Version 12.00
# Visual Studio 15
VisualStudioVersion = 15.0.27004.2010
MinimumVisualStudioVersion = 10.0.40219.1
Project("{8BC9CEB8-8B4A-11D0-8D11-00A0C91BC942}") = "Genetic Algorithm", "Genetic\Genetic.vcxproj", "{E128DF4F-FF84-448E-B663-5F009BCCF29B}"
EndProject
Global
	GlobalSection(SolutionConfigurationPlatforms) = preSolution
		Debug|x64 = Debug|x64
		Debug|x86 = Debug|x86
		Release|x64 = Release|x64
		Release|x86 = Release|x86
	EndGlobalSection
	GlobalSection(ProjectConfigurationPlatforms) = postSolution
		{E128DF4F-FF84-448E-B663-5F009BCCF29B}.Debug|x64.ActiveCfg = Debug|x64
		{E128DF4F-FF84-448E-B663-5F009BCCF29B}.Debug|x64.Build.0 = Debug|x64
		{E128DF4F-FF84-448E-B663-5F009BCCF29B}.Debug|x86.ActiveCfg = Debug|Win32
		{E128DF4F-FF84-448E-B663-5F009BCCF29B}.Debug|x86.Build.0 = Debug|Win32
		{E128DF4F-FF84-448E-B663-5F009BCCF29B}.Release|x64.ActiveCfg = Release|x64
		{E128DF4F-FF84-448E-B663-5F009BCCF29B}.Release|x64.Build.0 = Release|x64
		{E128DF4F-FF84-448E-B663-5F009BCCF29B}.Release|x86.ActiveCfg = Release|Win32
		{E128DF4F-FF84-448E-B663-5F009BCCF29B}.Release|x86.Build.0 = Release|Win32
	EndGlobalSection
	GlobalSection(SolutionProperties) = preSolution
		HideSolutionNode = FALSE
	EndGlobalSection
	GlobalSection(ExtensibilityGlobals) = postSolution
		SolutionGuid = {DB64B2F6-3CE1-4C20-BE11-09F27B2C089A}
	EndGlobalSection
EndGlobal
